
Microsoft Visual Studio Solution File, Format Version 12.00
# Visual Studio 15
VisualStudioVersion = 15.0.26124.0
MinimumVisualStudioVersion = 15.0.26124.0
Project("{2150E333-8FDC-42A3-9474-1A3956D46DE8}") = "src", "src", "{D2A04BC8-243A-4666-B6F3-80C571D6DC93}"
EndProject
Project("{FAE04EC0-301F-11D3-BF4B-00C04F79EFBC}") = "H10.Data", "src\H10.Data\H10.Data.csproj", "{655AB425-B2DA-4E0F-9C84-7B2563C6C0D7}"
EndProject
Project("{FAE04EC0-301F-11D3-BF4B-00C04F79EFBC}") = "H10.Shared", "src\H10.Shared\H10.Shared.csproj", "{CD5BC4E3-1A53-4029-BA9B-E31C51B538AE}"
EndProject
Project("{FAE04EC0-301F-11D3-BF4B-00C04F79EFBC}") = "H10.Data.Extensions", "src\H10.Data.Extensions\H10.Data.Extensions.csproj", "{81DBB503-E8B6-462F-A85E-5D35C3100027}"
EndProject
Project("{FAE04EC0-301F-11D3-BF4B-00C04F79EFBC}") = "H10.Security", "src\H10.Security\H10.Security.csproj", "{35A9B2F7-AE94-4BB1-B855-AEC9EF168A0C}"
EndProject
Global
	GlobalSection(SolutionConfigurationPlatforms) = preSolution
		Debug|Any CPU = Debug|Any CPU
		Debug|x64 = Debug|x64
		Debug|x86 = Debug|x86
		Release|Any CPU = Release|Any CPU
		Release|x64 = Release|x64
		Release|x86 = Release|x86
	EndGlobalSection
	GlobalSection(SolutionProperties) = preSolution
		HideSolutionNode = FALSE
	EndGlobalSection
	GlobalSection(ProjectConfigurationPlatforms) = postSolution
		{655AB425-B2DA-4E0F-9C84-7B2563C6C0D7}.Debug|Any CPU.ActiveCfg = Debug|Any CPU
		{655AB425-B2DA-4E0F-9C84-7B2563C6C0D7}.Debug|Any CPU.Build.0 = Debug|Any CPU
		{655AB425-B2DA-4E0F-9C84-7B2563C6C0D7}.Debug|x64.ActiveCfg = Debug|Any CPU
		{655AB425-B2DA-4E0F-9C84-7B2563C6C0D7}.Debug|x64.Build.0 = Debug|Any CPU
		{655AB425-B2DA-4E0F-9C84-7B2563C6C0D7}.Debug|x86.ActiveCfg = Debug|Any CPU
		{655AB425-B2DA-4E0F-9C84-7B2563C6C0D7}.Debug|x86.Build.0 = Debug|Any CPU
		{655AB425-B2DA-4E0F-9C84-7B2563C6C0D7}.Release|Any CPU.ActiveCfg = Release|Any CPU
		{655AB425-B2DA-4E0F-9C84-7B2563C6C0D7}.Release|Any CPU.Build.0 = Release|Any CPU
		{655AB425-B2DA-4E0F-9C84-7B2563C6C0D7}.Release|x64.ActiveCfg = Release|Any CPU
		{655AB425-B2DA-4E0F-9C84-7B2563C6C0D7}.Release|x64.Build.0 = Release|Any CPU
		{655AB425-B2DA-4E0F-9C84-7B2563C6C0D7}.Release|x86.ActiveCfg = Release|Any CPU
		{655AB425-B2DA-4E0F-9C84-7B2563C6C0D7}.Release|x86.Build.0 = Release|Any CPU
		{CD5BC4E3-1A53-4029-BA9B-E31C51B538AE}.Debug|Any CPU.ActiveCfg = Debug|Any CPU
		{CD5BC4E3-1A53-4029-BA9B-E31C51B538AE}.Debug|Any CPU.Build.0 = Debug|Any CPU
		{CD5BC4E3-1A53-4029-BA9B-E31C51B538AE}.Debug|x64.ActiveCfg = Debug|Any CPU
		{CD5BC4E3-1A53-4029-BA9B-E31C51B538AE}.Debug|x64.Build.0 = Debug|Any CPU
		{CD5BC4E3-1A53-4029-BA9B-E31C51B538AE}.Debug|x86.ActiveCfg = Debug|Any CPU
		{CD5BC4E3-1A53-4029-BA9B-E31C51B538AE}.Debug|x86.Build.0 = Debug|Any CPU
		{CD5BC4E3-1A53-4029-BA9B-E31C51B538AE}.Release|Any CPU.ActiveCfg = Release|Any CPU
		{CD5BC4E3-1A53-4029-BA9B-E31C51B538AE}.Release|Any CPU.Build.0 = Release|Any CPU
		{CD5BC4E3-1A53-4029-BA9B-E31C51B538AE}.Release|x64.ActiveCfg = Release|Any CPU
		{CD5BC4E3-1A53-4029-BA9B-E31C51B538AE}.Release|x64.Build.0 = Release|Any CPU
		{CD5BC4E3-1A53-4029-BA9B-E31C51B538AE}.Release|x86.ActiveCfg = Release|Any CPU
		{CD5BC4E3-1A53-4029-BA9B-E31C51B538AE}.Release|x86.Build.0 = Release|Any CPU
		{81DBB503-E8B6-462F-A85E-5D35C3100027}.Debug|Any CPU.ActiveCfg = Debug|Any CPU
		{81DBB503-E8B6-462F-A85E-5D35C3100027}.Debug|Any CPU.Build.0 = Debug|Any CPU
		{81DBB503-E8B6-462F-A85E-5D35C3100027}.Debug|x64.ActiveCfg = Debug|Any CPU
		{81DBB503-E8B6-462F-A85E-5D35C3100027}.Debug|x64.Build.0 = Debug|Any CPU
		{81DBB503-E8B6-462F-A85E-5D35C3100027}.Debug|x86.ActiveCfg = Debug|Any CPU
		{81DBB503-E8B6-462F-A85E-5D35C3100027}.Debug|x86.Build.0 = Debug|Any CPU
		{81DBB503-E8B6-462F-A85E-5D35C3100027}.Release|Any CPU.ActiveCfg = Release|Any CPU
		{81DBB503-E8B6-462F-A85E-5D35C3100027}.Release|Any CPU.Build.0 = Release|Any CPU
		{81DBB503-E8B6-462F-A85E-5D35C3100027}.Release|x64.ActiveCfg = Release|Any CPU
		{81DBB503-E8B6-462F-A85E-5D35C3100027}.Release|x64.Build.0 = Release|Any CPU
		{81DBB503-E8B6-462F-A85E-5D35C3100027}.Release|x86.ActiveCfg = Release|Any CPU
		{81DBB503-E8B6-462F-A85E-5D35C3100027}.Release|x86.Build.0 = Release|Any CPU
		{35A9B2F7-AE94-4BB1-B855-AEC9EF168A0C}.Debug|Any CPU.ActiveCfg = Debug|Any CPU
		{35A9B2F7-AE94-4BB1-B855-AEC9EF168A0C}.Debug|Any CPU.Build.0 = Debug|Any CPU
		{35A9B2F7-AE94-4BB1-B855-AEC9EF168A0C}.Debug|x64.ActiveCfg = Debug|Any CPU
		{35A9B2F7-AE94-4BB1-B855-AEC9EF168A0C}.Debug|x64.Build.0 = Debug|Any CPU
		{35A9B2F7-AE94-4BB1-B855-AEC9EF168A0C}.Debug|x86.ActiveCfg = Debug|Any CPU
		{35A9B2F7-AE94-4BB1-B855-AEC9EF168A0C}.Debug|x86.Build.0 = Debug|Any CPU
		{35A9B2F7-AE94-4BB1-B855-AEC9EF168A0C}.Release|Any CPU.ActiveCfg = Release|Any CPU
		{35A9B2F7-AE94-4BB1-B855-AEC9EF168A0C}.Release|Any CPU.Build.0 = Release|Any CPU
		{35A9B2F7-AE94-4BB1-B855-AEC9EF168A0C}.Release|x64.ActiveCfg = Release|Any CPU
		{35A9B2F7-AE94-4BB1-B855-AEC9EF168A0C}.Release|x64.Build.0 = Release|Any CPU
		{35A9B2F7-AE94-4BB1-B855-AEC9EF168A0C}.Release|x86.ActiveCfg = Release|Any CPU
		{35A9B2F7-AE94-4BB1-B855-AEC9EF168A0C}.Release|x86.Build.0 = Release|Any CPU
	EndGlobalSection
	GlobalSection(NestedProjects) = preSolution
		{655AB425-B2DA-4E0F-9C84-7B2563C6C0D7} = {D2A04BC8-243A-4666-B6F3-80C571D6DC93}
		{CD5BC4E3-1A53-4029-BA9B-E31C51B538AE} = {D2A04BC8-243A-4666-B6F3-80C571D6DC93}
		{81DBB503-E8B6-462F-A85E-5D35C3100027} = {D2A04BC8-243A-4666-B6F3-80C571D6DC93}
		{35A9B2F7-AE94-4BB1-B855-AEC9EF168A0C} = {D2A04BC8-243A-4666-B6F3-80C571D6DC93}
	EndGlobalSection
EndGlobal
